
Microsoft Visual Studio Solution File, Format Version 12.00
# Visual Studio 15
VisualStudioVersion = 15.0.27130.2010
MinimumVisualStudioVersion = 10.0.40219.1
Project("{A0786B88-2ADB-4C21-ABE8-AA2D79766269}") = "php_exercise1", "php_exercise1\php_exercise1.phpproj", "{2F1DFC7B-A48F-401E-8D2C-151626E7DDE8}"
EndProject
Global
	GlobalSection(SolutionConfigurationPlatforms) = preSolution
		Debug|Any CPU = Debug|Any CPU
		Release|Any CPU = Release|Any CPU
	EndGlobalSection
	GlobalSection(ProjectConfigurationPlatforms) = postSolution
		{2F1DFC7B-A48F-401E-8D2C-151626E7DDE8}.Debug|Any CPU.ActiveCfg = Debug|Any CPU
		{2F1DFC7B-A48F-401E-8D2C-151626E7DDE8}.Release|Any CPU.ActiveCfg = Release|Any CPU
	EndGlobalSection
	GlobalSection(SolutionProperties) = preSolution
		HideSolutionNode = FALSE
	EndGlobalSection
	GlobalSection(ExtensibilityGlobals) = postSolution
		SolutionGuid = {684E28EA-DA96-48D5-9A7B-3F95A8A23F17}
	EndGlobalSection
EndGlobal
